// !$*UTF8*$!
{
	archiveVersion = 1;
	classes = {
	};
	objectVersion = 46;
	objects = {

/* Begin PBXGroup section */
		AA60409614F0606A00BC54A8 = {
			isa = PBXGroup;
			children = (
			);
			sourceTree = "<group>";
		};
/* End PBXGroup section */

/* Begin PBXProject section */
		AA60409814F0606A00BC54A8 /* Project object */ = {
			isa = PBXProject;
			attributes = {
				ORGANIZATIONNAME = "Osprey Unlimited";
			};
			buildConfigurationList = AA60409B14F0606A00BC54A8 /* Build configuration list for PBXProject "Save-State" */;
			compatibilityVersion = "Xcode 3.2";
			developmentRegion = English;
			hasScannedForEncodings = 0;
			knownRegions = (
				en,
			);
			mainGroup = AA60409614F0606A00BC54A8;
			projectDirPath = "";
			projectRoot = "";
			targets = (
			);
		};
/* End PBXProject section */

/* Begin XCBuildConfiguration section */
		AA60409D14F0606A00BC54A8 /* Debug */ = {
			isa = XCBuildConfiguration;
			buildSettings = {
			};
			name = Debug;
		};
		AA60409E14F0606A00BC54A8 /* Release */ = {
			isa = XCBuildConfiguration;
			buildSettings = {
			};
			name = Release;
		};
/* End XCBuildConfiguration section */

/* Begin XCConfigurationList section */
		AA60409B14F0606A00BC54A8 /* Build configuration list for PBXProject "Save-State" */ = {
			isa = XCConfigurationList;
			buildConfigurations = (
				AA60409D14F0606A00BC54A8 /* Debug */,
				AA60409E14F0606A00BC54A8 /* Release */,
			);
			defaultConfigurationIsVisible = 0;
			defaultConfigurationName = Release;
		};
/* End XCConfigurationList section */
	};
	rootObject = AA60409814F0606A00BC54A8 /* Project object */;
}
