// !$*UTF8*$!
{
	archiveVersion = 1;
	classes = {
	};
	objectVersion = 46;
	objects = {

/* Begin PBXFileReference section */
		AA60409F14F060BA00BC54A8 /* manifest.json */ = {isa = PBXFileReference; lastKnownFileType = text.json; path = manifest.json; sourceTree = "<group>"; };
		AA6040A014F061DB00BC54A8 /* popup.html */ = {isa = PBXFileReference; lastKnownFileType = text.html; path = popup.html; sourceTree = "<group>"; };
		AA6040A114F0718500BC54A8 /* icon.png */ = {isa = PBXFileReference; lastKnownFileType = image.png; name = icon.png; path = "Save-State.xcodeproj/../icon.png"; sourceTree = "<group>"; };
		AA6040A214F0718500BC54A8 /* jquery.json-2.3.min.js */ = {isa = PBXFileReference; lastKnownFileType = sourcecode.javascript; name = "jquery.json-2.3.min.js"; path = "Save-State.xcodeproj/../jquery.json-2.3.min.js"; sourceTree = "<group>"; };
		AA6040A414F07BA800BC54A8 /* jstorage.min.js */ = {isa = PBXFileReference; lastKnownFileType = sourcecode.javascript; path = jstorage.min.js; sourceTree = "<group>"; };
/* End PBXFileReference section */

/* Begin PBXGroup section */
		AA60409614F0606A00BC54A8 = {
			isa = PBXGroup;
			children = (
				AA6040A014F061DB00BC54A8 /* popup.html */,
				AA6040A414F07BA800BC54A8 /* jstorage.min.js */,
				AA60409F14F060BA00BC54A8 /* manifest.json */,
				AA6040A114F0718500BC54A8 /* icon.png */,
				AA6040A214F0718500BC54A8 /* jquery.json-2.3.min.js */,
			);
			sourceTree = "<group>";
		};
/* End PBXGroup section */

/* Begin PBXProject section */
		AA60409814F0606A00BC54A8 /* Project object */ = {
			isa = PBXProject;
			attributes = {
				ORGANIZATIONNAME = "Osprey Unlimited";
			};
			buildConfigurationList = AA60409B14F0606A00BC54A8 /* Build configuration list for PBXProject "Save-State" */;
			compatibilityVersion = "Xcode 3.2";
			developmentRegion = English;
			hasScannedForEncodings = 0;
			knownRegions = (
				en,
			);
			mainGroup = AA60409614F0606A00BC54A8;
			projectDirPath = "";
			projectRoot = "";
			targets = (
			);
		};
/* End PBXProject section */

/* Begin XCBuildConfiguration section */
		AA60409D14F0606A00BC54A8 /* Debug */ = {
			isa = XCBuildConfiguration;
			buildSettings = {
			};
			name = Debug;
		};
		AA60409E14F0606A00BC54A8 /* Release */ = {
			isa = XCBuildConfiguration;
			buildSettings = {
			};
			name = Release;
		};
/* End XCBuildConfiguration section */

/* Begin XCConfigurationList section */
		AA60409B14F0606A00BC54A8 /* Build configuration list for PBXProject "Save-State" */ = {
			isa = XCConfigurationList;
			buildConfigurations = (
				AA60409D14F0606A00BC54A8 /* Debug */,
				AA60409E14F0606A00BC54A8 /* Release */,
			);
			defaultConfigurationIsVisible = 0;
			defaultConfigurationName = Release;
		};
/* End XCConfigurationList section */
	};
	rootObject = AA60409814F0606A00BC54A8 /* Project object */;
}
